<?xml version="1.0" encoding="utf-8"?>
<Project ToolsVersion="4.0" xmlns="http://schemas.microsoft.com/developer/msbuild/2003">
  <ItemGroup>
    <Filter Include="Sources">
      <UniqueIdentifier>{4FC737F1-C7A5-4376-A066-2A32D752A2FF}</UniqueIdentifier>
      <Extensions>cpp;c;cc;cxx;def;odl;idl;hpj;bat;asm;asmx</Extensions>
    </Filter>
    <Filter Include="Headers">
      <UniqueIdentifier>{21603add-e118-448d-91f9-110ed6508917}</UniqueIdentifier>
    </Filter>
  </ItemGroup>
  <ItemGroup>
    <ClInclude Include="include\AuxSense\AudioSystem.hpp">
      <Filter>Headers</Filter>
    </ClInclude>
    <ClInclude Include="include\AuxSense\AuxEnumerator.hpp">
      <Filter>Headers</Filter>
    </ClInclude>
    <ClInclude Include="include\AuxSense\AuxClient.hpp">
      <Filter>Headers</Filter>
    </ClInclude>
    <ClInclude Include="include\AuxSense\AuxDevice.hpp">
      <Filter>Headers</Filter>
    </ClInclude>
    <ClInclude Include="include\AuxSense\Utilities.hpp">
      <Filter>Headers</Filter>
    </ClInclude>
    <ClInclude Include="include\AuxSense\AuxRenderClient.hpp">
      <Filter>Headers</Filter>
    </ClInclude>
    <ClInclude Include="include\AuxSense\Log.hpp">
      <Filter>Sources</Filter>
    </ClInclude>
  </ItemGroup>
  <ItemGroup>
    <ClCompile Include="src/dllmain.cpp">
      <Filter>Sources</Filter>
    </ClCompile>
    <ClCompile Include="src\AudioSystem.cpp">
      <Filter>Sources</Filter>
    </ClCompile>
    <ClCompile Include="src\AuxEnumerator.cpp">
      <Filter>Sources</Filter>
    </ClCompile>
    <ClCompile Include="src\AuxDevice.cpp">
      <Filter>Sources</Filter>
    </ClCompile>
    <ClCompile Include="src\AuxClient.cpp">
      <Filter>Sources</Filter>
    </ClCompile>
    <ClCompile Include="src\AuxRenderClient.cpp">
      <Filter>Sources</Filter>
    </ClCompile>
  </ItemGroup>
</Project>